
Microsoft Visual Studio Solution File, Format Version 12.00
# Visual Studio Version 16
VisualStudioVersion = 16.0.29418.71
MinimumVisualStudioVersion = 10.0.40219.1
Project("{FAE04EC0-301F-11D3-BF4B-00C04F79EFBC}") = "OutlookAddInVSTO", "OutlookAddInVSTO\OutlookAddInVSTO.csproj", "{91EDD82B-25F3-4DA9-9795-9955EF1284D5}"
EndProject
Project("{FAE04EC0-301F-11D3-BF4B-00C04F79EFBC}") = "WpfControlLibrary", "WpfControlLibrary\WpfControlLibrary.csproj", "{4D959871-13F6-4385-8130-FA9E6F3F45AA}"
EndProject
Global
	GlobalSection(SolutionConfigurationPlatforms) = preSolution
		Debug|Any CPU = Debug|Any CPU
		Release|Any CPU = Release|Any CPU
	EndGlobalSection
	GlobalSection(ProjectConfigurationPlatforms) = postSolution
		{91EDD82B-25F3-4DA9-9795-9955EF1284D5}.Debug|Any CPU.ActiveCfg = Debug|Any CPU
		{91EDD82B-25F3-4DA9-9795-9955EF1284D5}.Debug|Any CPU.Build.0 = Debug|Any CPU
		{91EDD82B-25F3-4DA9-9795-9955EF1284D5}.Release|Any CPU.ActiveCfg = Release|Any CPU
		{91EDD82B-25F3-4DA9-9795-9955EF1284D5}.Release|Any CPU.Build.0 = Release|Any CPU
		{4D959871-13F6-4385-8130-FA9E6F3F45AA}.Debug|Any CPU.ActiveCfg = Debug|Any CPU
		{4D959871-13F6-4385-8130-FA9E6F3F45AA}.Debug|Any CPU.Build.0 = Debug|Any CPU
		{4D959871-13F6-4385-8130-FA9E6F3F45AA}.Release|Any CPU.ActiveCfg = Release|Any CPU
		{4D959871-13F6-4385-8130-FA9E6F3F45AA}.Release|Any CPU.Build.0 = Release|Any CPU
	EndGlobalSection
	GlobalSection(SolutionProperties) = preSolution
		HideSolutionNode = FALSE
	EndGlobalSection
	GlobalSection(ExtensibilityGlobals) = postSolution
		SolutionGuid = {20D2625D-6765-45DD-A909-4C53B602B9F6}
	EndGlobalSection
EndGlobal
